
Microsoft Visual Studio Solution File, Format Version 12.00
# Visual Studio Version 16
VisualStudioVersion = 16.0.28701.123
MinimumVisualStudioVersion = 10.0.40219.1
Project("{FAE04EC0-301F-11D3-BF4B-00C04F79EFBC}") = "SerialCtl.Win7", "SerialCtl.Win7\SerialCtl.Win7.csproj", "{C7567A0A-2955-430B-BFE9-647FC19F7165}"
EndProject
Global
	GlobalSection(SolutionConfigurationPlatforms) = preSolution
		Debug|Any CPU = Debug|Any CPU
		Release|Any CPU = Release|Any CPU
	EndGlobalSection
	GlobalSection(ProjectConfigurationPlatforms) = postSolution
		{C7567A0A-2955-430B-BFE9-647FC19F7165}.Debug|Any CPU.ActiveCfg = Debug|Any CPU
		{C7567A0A-2955-430B-BFE9-647FC19F7165}.Debug|Any CPU.Build.0 = Debug|Any CPU
		{C7567A0A-2955-430B-BFE9-647FC19F7165}.Release|Any CPU.ActiveCfg = Release|Any CPU
		{C7567A0A-2955-430B-BFE9-647FC19F7165}.Release|Any CPU.Build.0 = Release|Any CPU
	EndGlobalSection
EndGlobal
